
Microsoft Visual Studio Solution File, Format Version 12.00
# Visual Studio Version 17
VisualStudioVersion = 17.10.35122.118
MinimumVisualStudioVersion = 10.0.40219.1
Project("{FAE04EC0-301F-11D3-BF4B-00C04F79EFBC}") = "001_HelloWorld", "001_HelloWorld\001_HelloWorld.csproj", "{42ECF0FE-600C-4C4F-9AAA-8CF5134E8D22}"
EndProject
Project("{FAE04EC0-301F-11D3-BF4B-00C04F79EFBC}") = "001_Mission", "001_Mission\001_Mission.csproj", "{6067DA57-E19C-42CB-B068-B4AAF3C89EB9}"
EndProject
Project("{FAE04EC0-301F-11D3-BF4B-00C04F79EFBC}") = "002_Variable", "002_Variable\002_Variable.csproj", "{2901CEA0-D3FC-44BC-B066-D71AE9EFD6F8}"
EndProject
Project("{FAE04EC0-301F-11D3-BF4B-00C04F79EFBC}") = "003_Integer", "003_Integer\003_Integer.csproj", "{3AD1143C-CDF8-4275-B73C-C25F139AE852}"
EndProject
Project("{FAE04EC0-301F-11D3-BF4B-00C04F79EFBC}") = "002_Misson", "002_Misson\002_Misson.csproj", "{FCB34C30-FEE4-4CC8-88D5-B9E3C367E923}"
EndProject
Project("{FAE04EC0-301F-11D3-BF4B-00C04F79EFBC}") = "004_Float_Double", "004_Float_Double\004_Float_Double.csproj", "{F671C81C-CC3C-461B-B534-8A6DCB820A6C}"
EndProject
Project("{FAE04EC0-301F-11D3-BF4B-00C04F79EFBC}") = "005_decimal", "005_decimal\005_decimal.csproj", "{AB715E28-0E59-4C0E-8868-F9A492BDD759}"
EndProject
Project("{FAE04EC0-301F-11D3-BF4B-00C04F79EFBC}") = "003_Mission", "003_Mission\003_Mission.csproj", "{3A22DDA4-96E8-49BF-9049-162EA42ABA94}"
EndProject
Project("{FAE04EC0-301F-11D3-BF4B-00C04F79EFBC}") = "006_Bool", "006_Bool\006_Bool.csproj", "{BF3B8F37-238D-460E-B01C-EE05BB505B1A}"
EndProject
Project("{FAE04EC0-301F-11D3-BF4B-00C04F79EFBC}") = "007_Const", "007_Const\007_Const.csproj", "{9BEAC684-15A3-4497-9215-ED4C7E629DAC}"
EndProject
Project("{FAE04EC0-301F-11D3-BF4B-00C04F79EFBC}") = "008_Enum", "008_Enum\008_Enum.csproj", "{DA944DB2-0E17-4037-A00E-E7526F1A346A}"
EndProject
Project("{FAE04EC0-301F-11D3-BF4B-00C04F79EFBC}") = "009_Var", "009_Var\009_Var.csproj", "{2C464EAF-B132-4A4A-A9BE-6712AB874A8F}"
EndProject
Project("{FAE04EC0-301F-11D3-BF4B-00C04F79EFBC}") = "010_Nullable", "010_Nullable\010_Nullable.csproj", "{E05A3524-E7FB-4087-8F4D-BE5C11BE2A22}"
EndProject
Global
	GlobalSection(SolutionConfigurationPlatforms) = preSolution
		Debug|Any CPU = Debug|Any CPU
		Release|Any CPU = Release|Any CPU
	EndGlobalSection
	GlobalSection(ProjectConfigurationPlatforms) = postSolution
		{42ECF0FE-600C-4C4F-9AAA-8CF5134E8D22}.Debug|Any CPU.ActiveCfg = Debug|Any CPU
		{42ECF0FE-600C-4C4F-9AAA-8CF5134E8D22}.Debug|Any CPU.Build.0 = Debug|Any CPU
		{42ECF0FE-600C-4C4F-9AAA-8CF5134E8D22}.Release|Any CPU.ActiveCfg = Release|Any CPU
		{42ECF0FE-600C-4C4F-9AAA-8CF5134E8D22}.Release|Any CPU.Build.0 = Release|Any CPU
		{6067DA57-E19C-42CB-B068-B4AAF3C89EB9}.Debug|Any CPU.ActiveCfg = Debug|Any CPU
		{6067DA57-E19C-42CB-B068-B4AAF3C89EB9}.Debug|Any CPU.Build.0 = Debug|Any CPU
		{6067DA57-E19C-42CB-B068-B4AAF3C89EB9}.Release|Any CPU.ActiveCfg = Release|Any CPU
		{6067DA57-E19C-42CB-B068-B4AAF3C89EB9}.Release|Any CPU.Build.0 = Release|Any CPU
		{2901CEA0-D3FC-44BC-B066-D71AE9EFD6F8}.Debug|Any CPU.ActiveCfg = Debug|Any CPU
		{2901CEA0-D3FC-44BC-B066-D71AE9EFD6F8}.Debug|Any CPU.Build.0 = Debug|Any CPU
		{2901CEA0-D3FC-44BC-B066-D71AE9EFD6F8}.Release|Any CPU.ActiveCfg = Release|Any CPU
		{2901CEA0-D3FC-44BC-B066-D71AE9EFD6F8}.Release|Any CPU.Build.0 = Release|Any CPU
		{3AD1143C-CDF8-4275-B73C-C25F139AE852}.Debug|Any CPU.ActiveCfg = Debug|Any CPU
		{3AD1143C-CDF8-4275-B73C-C25F139AE852}.Debug|Any CPU.Build.0 = Debug|Any CPU
		{3AD1143C-CDF8-4275-B73C-C25F139AE852}.Release|Any CPU.ActiveCfg = Release|Any CPU
		{3AD1143C-CDF8-4275-B73C-C25F139AE852}.Release|Any CPU.Build.0 = Release|Any CPU
		{FCB34C30-FEE4-4CC8-88D5-B9E3C367E923}.Debug|Any CPU.ActiveCfg = Debug|Any CPU
		{FCB34C30-FEE4-4CC8-88D5-B9E3C367E923}.Debug|Any CPU.Build.0 = Debug|Any CPU
		{FCB34C30-FEE4-4CC8-88D5-B9E3C367E923}.Release|Any CPU.ActiveCfg = Release|Any CPU
		{FCB34C30-FEE4-4CC8-88D5-B9E3C367E923}.Release|Any CPU.Build.0 = Release|Any CPU
		{F671C81C-CC3C-461B-B534-8A6DCB820A6C}.Debug|Any CPU.ActiveCfg = Debug|Any CPU
		{F671C81C-CC3C-461B-B534-8A6DCB820A6C}.Debug|Any CPU.Build.0 = Debug|Any CPU
		{F671C81C-CC3C-461B-B534-8A6DCB820A6C}.Release|Any CPU.ActiveCfg = Release|Any CPU
		{F671C81C-CC3C-461B-B534-8A6DCB820A6C}.Release|Any CPU.Build.0 = Release|Any CPU
		{AB715E28-0E59-4C0E-8868-F9A492BDD759}.Debug|Any CPU.ActiveCfg = Debug|Any CPU
		{AB715E28-0E59-4C0E-8868-F9A492BDD759}.Debug|Any CPU.Build.0 = Debug|Any CPU
		{AB715E28-0E59-4C0E-8868-F9A492BDD759}.Release|Any CPU.ActiveCfg = Release|Any CPU
		{AB715E28-0E59-4C0E-8868-F9A492BDD759}.Release|Any CPU.Build.0 = Release|Any CPU
		{3A22DDA4-96E8-49BF-9049-162EA42ABA94}.Debug|Any CPU.ActiveCfg = Debug|Any CPU
		{3A22DDA4-96E8-49BF-9049-162EA42ABA94}.Debug|Any CPU.Build.0 = Debug|Any CPU
		{3A22DDA4-96E8-49BF-9049-162EA42ABA94}.Release|Any CPU.ActiveCfg = Release|Any CPU
		{3A22DDA4-96E8-49BF-9049-162EA42ABA94}.Release|Any CPU.Build.0 = Release|Any CPU
		{BF3B8F37-238D-460E-B01C-EE05BB505B1A}.Debug|Any CPU.ActiveCfg = Debug|Any CPU
		{BF3B8F37-238D-460E-B01C-EE05BB505B1A}.Debug|Any CPU.Build.0 = Debug|Any CPU
		{BF3B8F37-238D-460E-B01C-EE05BB505B1A}.Release|Any CPU.ActiveCfg = Release|Any CPU
		{BF3B8F37-238D-460E-B01C-EE05BB505B1A}.Release|Any CPU.Build.0 = Release|Any CPU
		{9BEAC684-15A3-4497-9215-ED4C7E629DAC}.Debug|Any CPU.ActiveCfg = Debug|Any CPU
		{9BEAC684-15A3-4497-9215-ED4C7E629DAC}.Debug|Any CPU.Build.0 = Debug|Any CPU
		{9BEAC684-15A3-4497-9215-ED4C7E629DAC}.Release|Any CPU.ActiveCfg = Release|Any CPU
		{9BEAC684-15A3-4497-9215-ED4C7E629DAC}.Release|Any CPU.Build.0 = Release|Any CPU
		{DA944DB2-0E17-4037-A00E-E7526F1A346A}.Debug|Any CPU.ActiveCfg = Debug|Any CPU
		{DA944DB2-0E17-4037-A00E-E7526F1A346A}.Debug|Any CPU.Build.0 = Debug|Any CPU
		{DA944DB2-0E17-4037-A00E-E7526F1A346A}.Release|Any CPU.ActiveCfg = Release|Any CPU
		{DA944DB2-0E17-4037-A00E-E7526F1A346A}.Release|Any CPU.Build.0 = Release|Any CPU
		{2C464EAF-B132-4A4A-A9BE-6712AB874A8F}.Debug|Any CPU.ActiveCfg = Debug|Any CPU
		{2C464EAF-B132-4A4A-A9BE-6712AB874A8F}.Debug|Any CPU.Build.0 = Debug|Any CPU
		{2C464EAF-B132-4A4A-A9BE-6712AB874A8F}.Release|Any CPU.ActiveCfg = Release|Any CPU
		{2C464EAF-B132-4A4A-A9BE-6712AB874A8F}.Release|Any CPU.Build.0 = Release|Any CPU
		{E05A3524-E7FB-4087-8F4D-BE5C11BE2A22}.Debug|Any CPU.ActiveCfg = Debug|Any CPU
		{E05A3524-E7FB-4087-8F4D-BE5C11BE2A22}.Debug|Any CPU.Build.0 = Debug|Any CPU
		{E05A3524-E7FB-4087-8F4D-BE5C11BE2A22}.Release|Any CPU.ActiveCfg = Release|Any CPU
		{E05A3524-E7FB-4087-8F4D-BE5C11BE2A22}.Release|Any CPU.Build.0 = Release|Any CPU
	EndGlobalSection
	GlobalSection(SolutionProperties) = preSolution
		HideSolutionNode = FALSE
	EndGlobalSection
	GlobalSection(ExtensibilityGlobals) = postSolution
		SolutionGuid = {CAB9D560-C209-4866-B92F-3E7AD16D6369}
	EndGlobalSection
EndGlobal
